
Microsoft Visual Studio Solution File, Format Version 12.00
# Visual Studio 15
Project("{FAE04EC0-301F-11D3-BF4B-00C04F79EFBC}") = "Assembly-CSharp", "Assembly-CSharp.csproj", "{A171C862-549D-E8EB-0446-618CA2CAE485}"
EndProject
Project("{FAE04EC0-301F-11D3-BF4B-00C04F79EFBC}") = "Assembly-CSharp-Editor", "Assembly-CSharp-Editor.csproj", "{601F48FD-BFD1-0AED-0777-A40B45026019}"
EndProject
Global
	GlobalSection(SolutionConfigurationPlatforms) = preSolution
		Debug|Any CPU = Debug|Any CPU
		Release|Any CPU = Release|Any CPU
	EndGlobalSection
	GlobalSection(ProjectConfigurationPlatforms) = postSolution
		{A171C862-549D-E8EB-0446-618CA2CAE485}.Debug|Any CPU.ActiveCfg = Debug|Any CPU
		{A171C862-549D-E8EB-0446-618CA2CAE485}.Debug|Any CPU.Build.0 = Debug|Any CPU
		{A171C862-549D-E8EB-0446-618CA2CAE485}.Release|Any CPU.ActiveCfg = Release|Any CPU
		{A171C862-549D-E8EB-0446-618CA2CAE485}.Release|Any CPU.Build.0 = Release|Any CPU
		{601F48FD-BFD1-0AED-0777-A40B45026019}.Debug|Any CPU.ActiveCfg = Debug|Any CPU
		{601F48FD-BFD1-0AED-0777-A40B45026019}.Debug|Any CPU.Build.0 = Debug|Any CPU
		{601F48FD-BFD1-0AED-0777-A40B45026019}.Release|Any CPU.ActiveCfg = Release|Any CPU
		{601F48FD-BFD1-0AED-0777-A40B45026019}.Release|Any CPU.Build.0 = Release|Any CPU
	EndGlobalSection
	GlobalSection(SolutionProperties) = preSolution
		HideSolutionNode = FALSE
	EndGlobalSection
EndGlobal
